
Microsoft Visual Studio Solution File, Format Version 12.00
# Visual Studio Version 17
VisualStudioVersion = 17.5.33502.453
MinimumVisualStudioVersion = 10.0.40219.1
Project("{FAE04EC0-301F-11D3-BF4B-00C04F79EFBC}") = "CRUDExample", "CRUDExample\CRUDExample.csproj", "{3E8E773F-E962-407B-BB07-43F5532898A1}"
EndProject
Project("{FAE04EC0-301F-11D3-BF4B-00C04F79EFBC}") = "TestCRUD", "TestCRUD\TestCRUD.csproj", "{EC821936-4908-4CA9-9F14-4797BF320C77}"
EndProject
Project("{FAE04EC0-301F-11D3-BF4B-00C04F79EFBC}") = "Entites", "Entites\Entites.csproj", "{1DDD98DC-FF07-4255-B310-105617512B3E}"
EndProject
Project("{FAE04EC0-301F-11D3-BF4B-00C04F79EFBC}") = "ServiceContarct", "ServiceContarct\ServiceContarct.csproj", "{0B0472EA-0513-485D-BCAD-F7331D73B0EA}"
EndProject
Project("{FAE04EC0-301F-11D3-BF4B-00C04F79EFBC}") = "Services", "Services\Services.csproj", "{C2838947-9E96-4AD6-ADF0-96EDFFDB548E}"
EndProject
Global
	GlobalSection(SolutionConfigurationPlatforms) = preSolution
		Debug|Any CPU = Debug|Any CPU
		Release|Any CPU = Release|Any CPU
	EndGlobalSection
	GlobalSection(ProjectConfigurationPlatforms) = postSolution
		{3E8E773F-E962-407B-BB07-43F5532898A1}.Debug|Any CPU.ActiveCfg = Debug|Any CPU
		{3E8E773F-E962-407B-BB07-43F5532898A1}.Debug|Any CPU.Build.0 = Debug|Any CPU
		{3E8E773F-E962-407B-BB07-43F5532898A1}.Release|Any CPU.ActiveCfg = Release|Any CPU
		{3E8E773F-E962-407B-BB07-43F5532898A1}.Release|Any CPU.Build.0 = Release|Any CPU
		{EC821936-4908-4CA9-9F14-4797BF320C77}.Debug|Any CPU.ActiveCfg = Debug|Any CPU
		{EC821936-4908-4CA9-9F14-4797BF320C77}.Debug|Any CPU.Build.0 = Debug|Any CPU
		{EC821936-4908-4CA9-9F14-4797BF320C77}.Release|Any CPU.ActiveCfg = Release|Any CPU
		{EC821936-4908-4CA9-9F14-4797BF320C77}.Release|Any CPU.Build.0 = Release|Any CPU
		{1DDD98DC-FF07-4255-B310-105617512B3E}.Debug|Any CPU.ActiveCfg = Debug|Any CPU
		{1DDD98DC-FF07-4255-B310-105617512B3E}.Debug|Any CPU.Build.0 = Debug|Any CPU
		{1DDD98DC-FF07-4255-B310-105617512B3E}.Release|Any CPU.ActiveCfg = Release|Any CPU
		{1DDD98DC-FF07-4255-B310-105617512B3E}.Release|Any CPU.Build.0 = Release|Any CPU
		{0B0472EA-0513-485D-BCAD-F7331D73B0EA}.Debug|Any CPU.ActiveCfg = Debug|Any CPU
		{0B0472EA-0513-485D-BCAD-F7331D73B0EA}.Debug|Any CPU.Build.0 = Debug|Any CPU
		{0B0472EA-0513-485D-BCAD-F7331D73B0EA}.Release|Any CPU.ActiveCfg = Release|Any CPU
		{0B0472EA-0513-485D-BCAD-F7331D73B0EA}.Release|Any CPU.Build.0 = Release|Any CPU
		{C2838947-9E96-4AD6-ADF0-96EDFFDB548E}.Debug|Any CPU.ActiveCfg = Debug|Any CPU
		{C2838947-9E96-4AD6-ADF0-96EDFFDB548E}.Debug|Any CPU.Build.0 = Debug|Any CPU
		{C2838947-9E96-4AD6-ADF0-96EDFFDB548E}.Release|Any CPU.ActiveCfg = Release|Any CPU
		{C2838947-9E96-4AD6-ADF0-96EDFFDB548E}.Release|Any CPU.Build.0 = Release|Any CPU
	EndGlobalSection
	GlobalSection(SolutionProperties) = preSolution
		HideSolutionNode = FALSE
	EndGlobalSection
	GlobalSection(ExtensibilityGlobals) = postSolution
		SolutionGuid = {AA7BBECC-C32D-4174-91CE-62BC80540ECD}
	EndGlobalSection
EndGlobal
